
Microsoft Visual Studio Solution File, Format Version 12.00
# Visual Studio Version 17
VisualStudioVersion = 17.11.35327.3
MinimumVisualStudioVersion = 10.0.40219.1
Project("{9A19103F-16F7-4668-BE54-9A1E7A4F7556}") = "EntityLayer", "EntityLayer\EntityLayer.csproj", "{3B94EF05-B1F2-467B-B848-DBE14590A7A2}"
EndProject
Project("{9A19103F-16F7-4668-BE54-9A1E7A4F7556}") = "BusinessLayer", "BusinessLayer\BusinessLayer.csproj", "{7F9C8CB7-5C18-41E0-8F37-48CE52F86985}"
EndProject
Project("{9A19103F-16F7-4668-BE54-9A1E7A4F7556}") = "DataAccessLayer", "DataAccessLayer\DataAccessLayer.csproj", "{8DDE77F3-53B3-4F93-98D7-3152A529BE8F}"
EndProject
Project("{9A19103F-16F7-4668-BE54-9A1E7A4F7556}") = "MVCUI", "MVCUI\MVCUI.csproj", "{86C7CA7F-693F-4F60-AF49-A45872E1BDD1}"
EndProject
Global
	GlobalSection(SolutionConfigurationPlatforms) = preSolution
		Debug|Any CPU = Debug|Any CPU
		Release|Any CPU = Release|Any CPU
	EndGlobalSection
	GlobalSection(ProjectConfigurationPlatforms) = postSolution
		{3B94EF05-B1F2-467B-B848-DBE14590A7A2}.Debug|Any CPU.ActiveCfg = Debug|Any CPU
		{3B94EF05-B1F2-467B-B848-DBE14590A7A2}.Debug|Any CPU.Build.0 = Debug|Any CPU
		{3B94EF05-B1F2-467B-B848-DBE14590A7A2}.Release|Any CPU.ActiveCfg = Release|Any CPU
		{3B94EF05-B1F2-467B-B848-DBE14590A7A2}.Release|Any CPU.Build.0 = Release|Any CPU
		{7F9C8CB7-5C18-41E0-8F37-48CE52F86985}.Debug|Any CPU.ActiveCfg = Debug|Any CPU
		{7F9C8CB7-5C18-41E0-8F37-48CE52F86985}.Debug|Any CPU.Build.0 = Debug|Any CPU
		{7F9C8CB7-5C18-41E0-8F37-48CE52F86985}.Release|Any CPU.ActiveCfg = Release|Any CPU
		{7F9C8CB7-5C18-41E0-8F37-48CE52F86985}.Release|Any CPU.Build.0 = Release|Any CPU
		{8DDE77F3-53B3-4F93-98D7-3152A529BE8F}.Debug|Any CPU.ActiveCfg = Debug|Any CPU
		{8DDE77F3-53B3-4F93-98D7-3152A529BE8F}.Debug|Any CPU.Build.0 = Debug|Any CPU
		{8DDE77F3-53B3-4F93-98D7-3152A529BE8F}.Release|Any CPU.ActiveCfg = Release|Any CPU
		{8DDE77F3-53B3-4F93-98D7-3152A529BE8F}.Release|Any CPU.Build.0 = Release|Any CPU
		{86C7CA7F-693F-4F60-AF49-A45872E1BDD1}.Debug|Any CPU.ActiveCfg = Debug|Any CPU
		{86C7CA7F-693F-4F60-AF49-A45872E1BDD1}.Debug|Any CPU.Build.0 = Debug|Any CPU
		{86C7CA7F-693F-4F60-AF49-A45872E1BDD1}.Release|Any CPU.ActiveCfg = Release|Any CPU
		{86C7CA7F-693F-4F60-AF49-A45872E1BDD1}.Release|Any CPU.Build.0 = Release|Any CPU
	EndGlobalSection
	GlobalSection(SolutionProperties) = preSolution
		HideSolutionNode = FALSE
	EndGlobalSection
	GlobalSection(ExtensibilityGlobals) = postSolution
		SolutionGuid = {9CB7377A-63EA-4094-BA07-C8F0BFE33429}
	EndGlobalSection
EndGlobal
